
Microsoft Visual Studio Solution File, Format Version 12.00
# Visual Studio Version 17
VisualStudioVersion = 17.3.32728.150
MinimumVisualStudioVersion = 10.0.40219.1
Project("{FAE04EC0-301F-11D3-BF4B-00C04F79EFBC}") = "WpfPrismSample", "WpfPrismSample\WpfPrismSample.csproj", "{B02CEF61-FAFA-4944-BFA4-24B71AADFDBA}"
EndProject
Global
	GlobalSection(SolutionConfigurationPlatforms) = preSolution
		Debug|Any CPU = Debug|Any CPU
		Release|Any CPU = Release|Any CPU
	EndGlobalSection
	GlobalSection(ProjectConfigurationPlatforms) = postSolution
		{B02CEF61-FAFA-4944-BFA4-24B71AADFDBA}.Debug|Any CPU.ActiveCfg = Debug|Any CPU
		{B02CEF61-FAFA-4944-BFA4-24B71AADFDBA}.Debug|Any CPU.Build.0 = Debug|Any CPU
		{B02CEF61-FAFA-4944-BFA4-24B71AADFDBA}.Release|Any CPU.ActiveCfg = Release|Any CPU
		{B02CEF61-FAFA-4944-BFA4-24B71AADFDBA}.Release|Any CPU.Build.0 = Release|Any CPU
	EndGlobalSection
	GlobalSection(SolutionProperties) = preSolution
		HideSolutionNode = FALSE
	EndGlobalSection
	GlobalSection(ExtensibilityGlobals) = postSolution
		SolutionGuid = {63388825-1C88-471C-A2DC-1024AB747DD8}
	EndGlobalSection
EndGlobal
